
Microsoft Visual Studio Solution File, Format Version 12.00
# Visual Studio 15
VisualStudioVersion = 15.0.28010.2046
MinimumVisualStudioVersion = 10.0.40219.1
Project("{FAE04EC0-301F-11D3-BF4B-00C04F79EFBC}") = "adventofcode2018", "adventofcode2018\adventofcode2018.csproj", "{23487ECB-461E-4B2F-BB7D-BBC2E44D4176}"
EndProject
Global
	GlobalSection(SolutionConfigurationPlatforms) = preSolution
		Debug|Any CPU = Debug|Any CPU
		Release|Any CPU = Release|Any CPU
	EndGlobalSection
	GlobalSection(ProjectConfigurationPlatforms) = postSolution
		{23487ECB-461E-4B2F-BB7D-BBC2E44D4176}.Debug|Any CPU.ActiveCfg = Debug|Any CPU
		{23487ECB-461E-4B2F-BB7D-BBC2E44D4176}.Debug|Any CPU.Build.0 = Debug|Any CPU
		{23487ECB-461E-4B2F-BB7D-BBC2E44D4176}.Release|Any CPU.ActiveCfg = Release|Any CPU
		{23487ECB-461E-4B2F-BB7D-BBC2E44D4176}.Release|Any CPU.Build.0 = Release|Any CPU
	EndGlobalSection
	GlobalSection(SolutionProperties) = preSolution
		HideSolutionNode = FALSE
	EndGlobalSection
	GlobalSection(ExtensibilityGlobals) = postSolution
		SolutionGuid = {216A81CE-5700-4B7F-91C5-F2A8E6A555DA}
	EndGlobalSection
EndGlobal
